
Microsoft Visual Studio Solution File, Format Version 12.00
# Visual Studio Express 2012 for Windows Phone
Project("{FAE04EC0-301F-11D3-BF4B-00C04F79EFBC}") = "WordPicCreator", "WordPicCreator\WordPicCreator.csproj", "{1E7F573B-0FBE-45F5-859B-E4DB2161ACB1}"
EndProject
Project("{FAE04EC0-301F-11D3-BF4B-00C04F79EFBC}") = "Common", "..\..\Common\Common\Common.csproj", "{3083CC3F-42A3-4F2E-A0AC-67820C890156}"
EndProject
Global
	GlobalSection(SolutionConfigurationPlatforms) = preSolution
		Debug|Any CPU = Debug|Any CPU
		Debug|ARM = Debug|ARM
		Debug|x86 = Debug|x86
		Release|Any CPU = Release|Any CPU
		Release|ARM = Release|ARM
		Release|x86 = Release|x86
	EndGlobalSection
	GlobalSection(ProjectConfigurationPlatforms) = postSolution
		{1E7F573B-0FBE-45F5-859B-E4DB2161ACB1}.Debug|Any CPU.ActiveCfg = Debug|Any CPU
		{1E7F573B-0FBE-45F5-859B-E4DB2161ACB1}.Debug|Any CPU.Build.0 = Debug|Any CPU
		{1E7F573B-0FBE-45F5-859B-E4DB2161ACB1}.Debug|Any CPU.Deploy.0 = Debug|Any CPU
		{1E7F573B-0FBE-45F5-859B-E4DB2161ACB1}.Debug|ARM.ActiveCfg = Debug|ARM
		{1E7F573B-0FBE-45F5-859B-E4DB2161ACB1}.Debug|ARM.Build.0 = Debug|ARM
		{1E7F573B-0FBE-45F5-859B-E4DB2161ACB1}.Debug|ARM.Deploy.0 = Debug|ARM
		{1E7F573B-0FBE-45F5-859B-E4DB2161ACB1}.Debug|x86.ActiveCfg = Debug|x86
		{1E7F573B-0FBE-45F5-859B-E4DB2161ACB1}.Debug|x86.Build.0 = Debug|x86
		{1E7F573B-0FBE-45F5-859B-E4DB2161ACB1}.Debug|x86.Deploy.0 = Debug|x86
		{1E7F573B-0FBE-45F5-859B-E4DB2161ACB1}.Release|Any CPU.ActiveCfg = Release|Any CPU
		{1E7F573B-0FBE-45F5-859B-E4DB2161ACB1}.Release|Any CPU.Build.0 = Release|Any CPU
		{1E7F573B-0FBE-45F5-859B-E4DB2161ACB1}.Release|Any CPU.Deploy.0 = Release|Any CPU
		{1E7F573B-0FBE-45F5-859B-E4DB2161ACB1}.Release|ARM.ActiveCfg = Release|ARM
		{1E7F573B-0FBE-45F5-859B-E4DB2161ACB1}.Release|ARM.Build.0 = Release|ARM
		{1E7F573B-0FBE-45F5-859B-E4DB2161ACB1}.Release|ARM.Deploy.0 = Release|ARM
		{1E7F573B-0FBE-45F5-859B-E4DB2161ACB1}.Release|x86.ActiveCfg = Release|x86
		{1E7F573B-0FBE-45F5-859B-E4DB2161ACB1}.Release|x86.Build.0 = Release|x86
		{1E7F573B-0FBE-45F5-859B-E4DB2161ACB1}.Release|x86.Deploy.0 = Release|x86
		{3083CC3F-42A3-4F2E-A0AC-67820C890156}.Debug|Any CPU.ActiveCfg = Debug|Any CPU
		{3083CC3F-42A3-4F2E-A0AC-67820C890156}.Debug|Any CPU.Build.0 = Debug|Any CPU
		{3083CC3F-42A3-4F2E-A0AC-67820C890156}.Debug|ARM.ActiveCfg = Debug|ARM
		{3083CC3F-42A3-4F2E-A0AC-67820C890156}.Debug|ARM.Build.0 = Debug|ARM
		{3083CC3F-42A3-4F2E-A0AC-67820C890156}.Debug|x86.ActiveCfg = Debug|x86
		{3083CC3F-42A3-4F2E-A0AC-67820C890156}.Debug|x86.Build.0 = Debug|x86
		{3083CC3F-42A3-4F2E-A0AC-67820C890156}.Release|Any CPU.ActiveCfg = Release|Any CPU
		{3083CC3F-42A3-4F2E-A0AC-67820C890156}.Release|Any CPU.Build.0 = Release|Any CPU
		{3083CC3F-42A3-4F2E-A0AC-67820C890156}.Release|ARM.ActiveCfg = Release|ARM
		{3083CC3F-42A3-4F2E-A0AC-67820C890156}.Release|ARM.Build.0 = Release|ARM
		{3083CC3F-42A3-4F2E-A0AC-67820C890156}.Release|x86.ActiveCfg = Release|x86
		{3083CC3F-42A3-4F2E-A0AC-67820C890156}.Release|x86.Build.0 = Release|x86
	EndGlobalSection
	GlobalSection(SolutionProperties) = preSolution
		HideSolutionNode = FALSE
	EndGlobalSection
EndGlobal
